// !$*UTF8*$!
{
	archiveVersion = 1;
	classes = {
	};
	objectVersion = 48;
	objects = {

/* Begin PBXBuildFile section */
		783C46AD2247DD160091DD08 /* ItemCell.swift in Sources */ = {isa = PBXBuildFile; fileRef = 783C46AC2247DD160091DD08 /* ItemCell.swift */; };
		CBDBE34322400AF0008E0365 /* AppDelegate.swift in Sources */ = {isa = PBXBuildFile; fileRef = CBDBE34222400AF0008E0365 /* AppDelegate.swift */; };
		CBDBE34822400AF0008E0365 /* Main.storyboard in Resources */ = {isa = PBXBuildFile; fileRef = CBDBE34622400AF0008E0365 /* Main.storyboard */; };
		CBDBE34A22400AF0008E0365 /* Assets.xcassets in Resources */ = {isa = PBXBuildFile; fileRef = CBDBE34922400AF0008E0365 /* Assets.xcassets */; };
		CBDBE34D22400AF0008E0365 /* LaunchScreen.storyboard in Resources */ = {isa = PBXBuildFile; fileRef = CBDBE34B22400AF0008E0365 /* LaunchScreen.storyboard */; };
		CBDBE35522400C4A008E0365 /* ItemsViewController.swift in Sources */ = {isa = PBXBuildFile; fileRef = CBDBE35422400C4A008E0365 /* ItemsViewController.swift */; };
		CBDBE35722400EAB008E0365 /* Item.swift in Sources */ = {isa = PBXBuildFile; fileRef = CBDBE35622400EAB008E0365 /* Item.swift */; };
		CBEE9A2D22429E0B00067FB0 /* ItemStore.swift in Sources */ = {isa = PBXBuildFile; fileRef = CBEE9A2C22429E0B00067FB0 /* ItemStore.swift */; };
/* End PBXBuildFile section */

/* Begin PBXFileReference section */
		783C46AC2247DD160091DD08 /* ItemCell.swift */ = {isa = PBXFileReference; lastKnownFileType = sourcecode.swift; path = ItemCell.swift; sourceTree = "<group>"; };
		CBDBE33F22400AF0008E0365 /* HomePwner.app */ = {isa = PBXFileReference; explicitFileType = wrapper.application; includeInIndex = 0; path = HomePwner.app; sourceTree = BUILT_PRODUCTS_DIR; };
		CBDBE34222400AF0008E0365 /* AppDelegate.swift */ = {isa = PBXFileReference; lastKnownFileType = sourcecode.swift; path = AppDelegate.swift; sourceTree = "<group>"; };
		CBDBE34722400AF0008E0365 /* Base */ = {isa = PBXFileReference; lastKnownFileType = file.storyboard; name = Base; path = Base.lproj/Main.storyboard; sourceTree = "<group>"; };
		CBDBE34922400AF0008E0365 /* Assets.xcassets */ = {isa = PBXFileReference; lastKnownFileType = folder.assetcatalog; path = Assets.xcassets; sourceTree = "<group>"; };
		CBDBE34C22400AF0008E0365 /* Base */ = {isa = PBXFileReference; lastKnownFileType = file.storyboard; name = Base; path = Base.lproj/LaunchScreen.storyboard; sourceTree = "<group>"; };
		CBDBE34E22400AF0008E0365 /* Info.plist */ = {isa = PBXFileReference; lastKnownFileType = text.plist.xml; path = Info.plist; sourceTree = "<group>"; };
		CBDBE35422400C4A008E0365 /* ItemsViewController.swift */ = {isa = PBXFileReference; lastKnownFileType = sourcecode.swift; path = ItemsViewController.swift; sourceTree = "<group>"; };
		CBDBE35622400EAB008E0365 /* Item.swift */ = {isa = PBXFileReference; lastKnownFileType = sourcecode.swift; path = Item.swift; sourceTree = "<group>"; };
		CBEE9A2C22429E0B00067FB0 /* ItemStore.swift */ = {isa = PBXFileReference; lastKnownFileType = sourcecode.swift; path = ItemStore.swift; sourceTree = "<group>"; };
/* End PBXFileReference section */

/* Begin PBXFrameworksBuildPhase section */
		CBDBE33C22400AF0008E0365 /* Frameworks */ = {
			isa = PBXFrameworksBuildPhase;
			buildActionMask = 2147483647;
			files = (
			);
			runOnlyForDeploymentPostprocessing = 0;
		};
/* End PBXFrameworksBuildPhase section */

/* Begin PBXGroup section */
		CBDBE33622400AEF008E0365 = {
			isa = PBXGroup;
			children = (
				CBDBE34122400AF0008E0365 /* HomePwner */,
				CBDBE34022400AF0008E0365 /* Products */,
			);
			sourceTree = "<group>";
		};
		CBDBE34022400AF0008E0365 /* Products */ = {
			isa = PBXGroup;
			children = (
				CBDBE33F22400AF0008E0365 /* HomePwner.app */,
			);
			name = Products;
			sourceTree = "<group>";
		};
		CBDBE34122400AF0008E0365 /* HomePwner */ = {
			isa = PBXGroup;
			children = (
				CBDBE34222400AF0008E0365 /* AppDelegate.swift */,
				CBDBE35422400C4A008E0365 /* ItemsViewController.swift */,
				783C46AC2247DD160091DD08 /* ItemCell.swift */,
				CBDBE35622400EAB008E0365 /* Item.swift */,
				CBEE9A2C22429E0B00067FB0 /* ItemStore.swift */,
				CBDBE34622400AF0008E0365 /* Main.storyboard */,
				CBDBE34922400AF0008E0365 /* Assets.xcassets */,
				CBDBE34B22400AF0008E0365 /* LaunchScreen.storyboard */,
				CBDBE34E22400AF0008E0365 /* Info.plist */,
			);
			path = HomePwner;
			sourceTree = "<group>";
		};
/* End PBXGroup section */

/* Begin PBXNativeTarget section */
		CBDBE33E22400AF0008E0365 /* HomePwner */ = {
			isa = PBXNativeTarget;
			buildConfigurationList = CBDBE35122400AF0008E0365 /* Build configuration list for PBXNativeTarget "HomePwner" */;
			buildPhases = (
				CBDBE33B22400AF0008E0365 /* Sources */,
				CBDBE33C22400AF0008E0365 /* Frameworks */,
				CBDBE33D22400AF0008E0365 /* Resources */,
			);
			buildRules = (
			);
			dependencies = (
			);
			name = HomePwner;
			productName = HomePwner;
			productReference = CBDBE33F22400AF0008E0365 /* HomePwner.app */;
			productType = "com.apple.product-type.application";
		};
/* End PBXNativeTarget section */

/* Begin PBXProject section */
		CBDBE33722400AF0008E0365 /* Project object */ = {
			isa = PBXProject;
			attributes = {
				LastSwiftUpdateCheck = 0920;
				LastUpgradeCheck = 0920;
				ORGANIZATIONNAME = "Brandon Kimberlin";
				TargetAttributes = {
					CBDBE33E22400AF0008E0365 = {
						CreatedOnToolsVersion = 9.2;
						ProvisioningStyle = Automatic;
					};
				};
			};
			buildConfigurationList = CBDBE33A22400AF0008E0365 /* Build configuration list for PBXProject "HomePwner" */;
			compatibilityVersion = "Xcode 8.0";
			developmentRegion = en;
			hasScannedForEncodings = 0;
			knownRegions = (
				en,
				Base,
			);
			mainGroup = CBDBE33622400AEF008E0365;
			productRefGroup = CBDBE34022400AF0008E0365 /* Products */;
			projectDirPath = "";
			projectRoot = "";
			targets = (
				CBDBE33E22400AF0008E0365 /* HomePwner */,
			);
		};
/* End PBXProject section */

/* Begin PBXResourcesBuildPhase section */
		CBDBE33D22400AF0008E0365 /* Resources */ = {
			isa = PBXResourcesBuildPhase;
			buildActionMask = 2147483647;
			files = (
				CBDBE34D22400AF0008E0365 /* LaunchScreen.storyboard in Resources */,
				CBDBE34A22400AF0008E0365 /* Assets.xcassets in Resources */,
				CBDBE34822400AF0008E0365 /* Main.storyboard in Resources */,
			);
			runOnlyForDeploymentPostprocessing = 0;
		};
/* End PBXResourcesBuildPhase section */

/* Begin PBXSourcesBuildPhase section */
		CBDBE33B22400AF0008E0365 /* Sources */ = {
			isa = PBXSourcesBuildPhase;
			buildActionMask = 2147483647;
			files = (
				CBDBE35522400C4A008E0365 /* ItemsViewController.swift in Sources */,
				CBDBE35722400EAB008E0365 /* Item.swift in Sources */,
				CBEE9A2D22429E0B00067FB0 /* ItemStore.swift in Sources */,
				CBDBE34322400AF0008E0365 /* AppDelegate.swift in Sources */,
				783C46AD2247DD160091DD08 /* ItemCell.swift in Sources */,
			);
			runOnlyForDeploymentPostprocessing = 0;
		};
/* End PBXSourcesBuildPhase section */

/* Begin PBXVariantGroup section */
		CBDBE34622400AF0008E0365 /* Main.storyboard */ = {
			isa = PBXVariantGroup;
			children = (
				CBDBE34722400AF0008E0365 /* Base */,
			);
			name = Main.storyboard;
			sourceTree = "<group>";
		};
		CBDBE34B22400AF0008E0365 /* LaunchScreen.storyboard */ = {
			isa = PBXVariantGroup;
			children = (
				CBDBE34C22400AF0008E0365 /* Base */,
			);
			name = LaunchScreen.storyboard;
			sourceTree = "<group>";
		};
/* End PBXVariantGroup section */

/* Begin XCBuildConfiguration section */
		CBDBE34F22400AF0008E0365 /* Debug */ = {
			isa = XCBuildConfiguration;
			buildSettings = {
				ALWAYS_SEARCH_USER_PATHS = NO;
				CLANG_ANALYZER_NONNULL = YES;
				CLANG_ANALYZER_NUMBER_OBJECT_CONVERSION = YES_AGGRESSIVE;
				CLANG_CXX_LANGUAGE_STANDARD = "gnu++14";
				CLANG_CXX_LIBRARY = "libc++";
				CLANG_ENABLE_MODULES = YES;
				CLANG_ENABLE_OBJC_ARC = YES;
				CLANG_WARN_BLOCK_CAPTURE_AUTORELEASING = YES;
				CLANG_WARN_BOOL_CONVERSION = YES;
				CLANG_WARN_COMMA = YES;
				CLANG_WARN_CONSTANT_CONVERSION = YES;
				CLANG_WARN_DIRECT_OBJC_ISA_USAGE = YES_ERROR;
				CLANG_WARN_DOCUMENTATION_COMMENTS = YES;
				CLANG_WARN_EMPTY_BODY = YES;
				CLANG_WARN_ENUM_CONVERSION = YES;
				CLANG_WARN_INFINITE_RECURSION = YES;
				CLANG_WARN_INT_CONVERSION = YES;
				CLANG_WARN_NON_LITERAL_NULL_CONVERSION = YES;
				CLANG_WARN_OBJC_LITERAL_CONVERSION = YES;
				CLANG_WARN_OBJC_ROOT_CLASS = YES_ERROR;
				CLANG_WARN_RANGE_LOOP_ANALYSIS = YES;
				CLANG_WARN_STRICT_PROTOTYPES = YES;
				CLANG_WARN_SUSPICIOUS_MOVE = YES;
				CLANG_WARN_UNGUARDED_AVAILABILITY = YES_AGGRESSIVE;
				CLANG_WARN_UNREACHABLE_CODE = YES;
				CLANG_WARN__DUPLICATE_METHOD_MATCH = YES;
				CODE_SIGN_IDENTITY = "iPhone Developer";
				COPY_PHASE_STRIP = NO;
				DEBUG_INFORMATION_FORMAT = dwarf;
				ENABLE_STRICT_OBJC_MSGSEND = YES;
				ENABLE_TESTABILITY = YES;
				GCC_C_LANGUAGE_STANDARD = gnu11;
				GCC_DYNAMIC_NO_PIC = NO;
				GCC_NO_COMMON_BLOCKS = YES;
				GCC_OPTIMIZATION_LEVEL = 0;
				GCC_PREPROCESSOR_DEFINITIONS = (
					"DEBUG=1",
					"$(inherited)",
				);
				GCC_WARN_64_TO_32_BIT_CONVERSION = YES;
				GCC_WARN_ABOUT_RETURN_TYPE = YES_ERROR;
				GCC_WARN_UNDECLARED_SELECTOR = YES;
				GCC_WARN_UNINITIALIZED_AUTOS = YES_AGGRESSIVE;
				GCC_WARN_UNUSED_FUNCTION = YES;
				GCC_WARN_UNUSED_VARIABLE = YES;
				IPHONEOS_DEPLOYMENT_TARGET = 11.2;
				MTL_ENABLE_DEBUG_INFO = YES;
				ONLY_ACTIVE_ARCH = YES;
				SDKROOT = iphoneos;
				SWIFT_ACTIVE_COMPILATION_CONDITIONS = DEBUG;
				SWIFT_OPTIMIZATION_LEVEL = "-Onone";
			};
			name = Debug;
		};
		CBDBE35022400AF0008E0365 /* Release */ = {
			isa = XCBuildConfiguration;
			buildSettings = {
				ALWAYS_SEARCH_USER_PATHS = NO;
				CLANG_ANALYZER_NONNULL = YES;
				CLANG_ANALYZER_NUMBER_OBJECT_CONVERSION = YES_AGGRESSIVE;
				CLANG_CXX_LANGUAGE_STANDARD = "gnu++14";
				CLANG_CXX_LIBRARY = "libc++";
				CLANG_ENABLE_MODULES = YES;
				CLANG_ENABLE_OBJC_ARC = YES;
				CLANG_WARN_BLOCK_CAPTURE_AUTORELEASING = YES;
				CLANG_WARN_BOOL_CONVERSION = YES;
				CLANG_WARN_COMMA = YES;
				CLANG_WARN_CONSTANT_CONVERSION = YES;
				CLANG_WARN_DIRECT_OBJC_ISA_USAGE = YES_ERROR;
				CLANG_WARN_DOCUMENTATION_COMMENTS = YES;
				CLANG_WARN_EMPTY_BODY = YES;
				CLANG_WARN_ENUM_CONVERSION = YES;
				CLANG_WARN_INFINITE_RECURSION = YES;
				CLANG_WARN_INT_CONVERSION = YES;
				CLANG_WARN_NON_LITERAL_NULL_CONVERSION = YES;
				CLANG_WARN_OBJC_LITERAL_CONVERSION = YES;
				CLANG_WARN_OBJC_ROOT_CLASS = YES_ERROR;
				CLANG_WARN_RANGE_LOOP_ANALYSIS = YES;
				CLANG_WARN_STRICT_PROTOTYPES = YES;
				CLANG_WARN_SUSPICIOUS_MOVE = YES;
				CLANG_WARN_UNGUARDED_AVAILABILITY = YES_AGGRESSIVE;
				CLANG_WARN_UNREACHABLE_CODE = YES;
				CLANG_WARN__DUPLICATE_METHOD_MATCH = YES;
				CODE_SIGN_IDENTITY = "iPhone Developer";
				COPY_PHASE_STRIP = NO;
				DEBUG_INFORMATION_FORMAT = "dwarf-with-dsym";
				ENABLE_NS_ASSERTIONS = NO;
				ENABLE_STRICT_OBJC_MSGSEND = YES;
				GCC_C_LANGUAGE_STANDARD = gnu11;
				GCC_NO_COMMON_BLOCKS = YES;
				GCC_WARN_64_TO_32_BIT_CONVERSION = YES;
				GCC_WARN_ABOUT_RETURN_TYPE = YES_ERROR;
				GCC_WARN_UNDECLARED_SELECTOR = YES;
				GCC_WARN_UNINITIALIZED_AUTOS = YES_AGGRESSIVE;
				GCC_WARN_UNUSED_FUNCTION = YES;
				GCC_WARN_UNUSED_VARIABLE = YES;
				IPHONEOS_DEPLOYMENT_TARGET = 11.2;
				MTL_ENABLE_DEBUG_INFO = NO;
				SDKROOT = iphoneos;
				SWIFT_OPTIMIZATION_LEVEL = "-Owholemodule";
				VALIDATE_PRODUCT = YES;
			};
			name = Release;
		};
		CBDBE35222400AF0008E0365 /* Debug */ = {
			isa = XCBuildConfiguration;
			buildSettings = {
				ASSETCATALOG_COMPILER_APPICON_NAME = AppIcon;
				CODE_SIGN_STYLE = Automatic;
				INFOPLIST_FILE = HomePwner/Info.plist;
				LD_RUNPATH_SEARCH_PATHS = "$(inherited) @executable_path/Frameworks";
				PRODUCT_BUNDLE_IDENTIFIER = HPU.HomePwner;
				PRODUCT_NAME = "$(TARGET_NAME)";
				SWIFT_VERSION = 4.0;
				TARGETED_DEVICE_FAMILY = "1,2";
			};
			name = Debug;
		};
		CBDBE35322400AF0008E0365 /* Release */ = {
			isa = XCBuildConfiguration;
			buildSettings = {
				ASSETCATALOG_COMPILER_APPICON_NAME = AppIcon;
				CODE_SIGN_STYLE = Automatic;
				INFOPLIST_FILE = HomePwner/Info.plist;
				LD_RUNPATH_SEARCH_PATHS = "$(inherited) @executable_path/Frameworks";
				PRODUCT_BUNDLE_IDENTIFIER = HPU.HomePwner;
				PRODUCT_NAME = "$(TARGET_NAME)";
				SWIFT_VERSION = 4.0;
				TARGETED_DEVICE_FAMILY = "1,2";
			};
			name = Release;
		};
/* End XCBuildConfiguration section */

/* Begin XCConfigurationList section */
		CBDBE33A22400AF0008E0365 /* Build configuration list for PBXProject "HomePwner" */ = {
			isa = XCConfigurationList;
			buildConfigurations = (
				CBDBE34F22400AF0008E0365 /* Debug */,
				CBDBE35022400AF0008E0365 /* Release */,
			);
			defaultConfigurationIsVisible = 0;
			defaultConfigurationName = Release;
		};
		CBDBE35122400AF0008E0365 /* Build configuration list for PBXNativeTarget "HomePwner" */ = {
			isa = XCConfigurationList;
			buildConfigurations = (
				CBDBE35222400AF0008E0365 /* Debug */,
				CBDBE35322400AF0008E0365 /* Release */,
			);
			defaultConfigurationIsVisible = 0;
			defaultConfigurationName = Release;
		};
/* End XCConfigurationList section */
	};
	rootObject = CBDBE33722400AF0008E0365 /* Project object */;
}
